Microsoft Visual Studio Solution File, Format Version 12.00
# Visual Studio 15
VisualStudioVersion = 15.0.27130.2024
MinimumVisualStudioVersion = 10.0.40219.1
Project("{2150E333-8FDC-42A3-9474-1A3956D46DE8}") = "readme", "readme", "{A80692A1-9BA4-4CC6-85AD-A4FE98B9C217}"
	ProjectSection(SolutionItems) = preProject
		..\apachev2.txt = ..\apachev2.txt
		..\license.txt = ..\license.txt
		..\notice.txt = ..\notice.txt
		..\readme.txt = ..\readme.txt
		..\roadmap.txt = ..\roadmap.txt
	EndProjectSection
EndProject
Project("{2150E333-8FDC-42A3-9474-1A3956D46DE8}") = "libraries", "libraries", "{1CAB85D9-B1C2-4192-8013-FD53A0D7EBA9}"
EndProject
Project("{8BC9CEB8-8B4A-11D0-8D11-00A0C91BC942}") = "libsig", "libsig.vcxproj", "{FFD591E4-0A07-4D79-95BC-8D567204FD10}"
EndProject
Project("{8BC9CEB8-8B4A-11D0-8D11-00A0C91BC942}") = "libsigkin", "libsigkin.vcxproj", "{4829BD9B-1379-49B0-9463-3E9846873934}"
	ProjectSection(ProjectDependencies) = postProject
		{FFD591E4-0A07-4D79-95BC-8D567204FD10} = {FFD591E4-0A07-4D79-95BC-8D567204FD10}
	EndProjectSection
EndProject
Project("{8BC9CEB8-8B4A-11D0-8D11-00A0C91BC942}") = "libsigogl", "libsigogl.vcxproj", "{A93CE437-94D0-49F6-B9C7-15B20EB33736}"
	ProjectSection(ProjectDependencies) = postProject
		{FFD591E4-0A07-4D79-95BC-8D567204FD10} = {FFD591E4-0A07-4D79-95BC-8D567204FD10}
	EndProjectSection
EndProject
Project("{2150E333-8FDC-42A3-9474-1A3956D46DE8}") = "programs", "programs", "{5398B78F-82E0-4685-B857-83F5799F8974}"
EndProject
Project("{8BC9CEB8-8B4A-11D0-8D11-00A0C91BC942}") = "uidemo", "uidemo.vcxproj", "{8DD93656-725E-4561-8308-2449A33ACD90}"
	ProjectSection(ProjectDependencies) = postProject
		{A93CE437-94D0-49F6-B9C7-15B20EB33736} = {A93CE437-94D0-49F6-B9C7-15B20EB33736}
		{F118CFD1-9B34-4142-B9DC-3E76FF5B817B} = {F118CFD1-9B34-4142-B9DC-3E76FF5B817B}
		{FFD591E4-0A07-4D79-95BC-8D567204FD10} = {FFD591E4-0A07-4D79-95BC-8D567204FD10}
	EndProjectSection
EndProject
Project("{8BC9CEB8-8B4A-11D0-8D11-00A0C91BC942}") = "shapes", "shapes.vcxproj", "{6C359BCB-BC43-44C6-A664-BAD94CFC3292}"
	ProjectSection(ProjectDependencies) = postProject
		{A93CE437-94D0-49F6-B9C7-15B20EB33736} = {A93CE437-94D0-49F6-B9C7-15B20EB33736}
		{F118CFD1-9B34-4142-B9DC-3E76FF5B817B} = {F118CFD1-9B34-4142-B9DC-3E76FF5B817B}
		{FFD591E4-0A07-4D79-95BC-8D567204FD10} = {FFD591E4-0A07-4D79-95BC-8D567204FD10}
	EndProjectSection
EndProject
Project("{8BC9CEB8-8B4A-11D0-8D11-00A0C91BC942}") = "gstests", "gstests.vcxproj", "{7277853F-ADCE-46A3-ADDA-5A7D3C7EF8F1}"
	ProjectSection(ProjectDependencies) = postProject
		{FFD591E4-0A07-4D79-95BC-8D567204FD10} = {FFD591E4-0A07-4D79-95BC-8D567204FD10}
	EndProjectSection
EndProject
Project("{8BC9CEB8-8B4A-11D0-8D11-00A0C91BC942}") = "polyeditor", "polyeditor.vcxproj", "{D439ED53-23FE-4EC8-9A4F-F0EE1EF50085}"
	ProjectSection(ProjectDependencies) = postProject
		{A93CE437-94D0-49F6-B9C7-15B20EB33736} = {A93CE437-94D0-49F6-B9C7-15B20EB33736}
		{F118CFD1-9B34-4142-B9DC-3E76FF5B817B} = {F118CFD1-9B34-4142-B9DC-3E76FF5B817B}
		{FFD591E4-0A07-4D79-95BC-8D567204FD10} = {FFD591E4-0A07-4D79-95BC-8D567204FD10}
	EndProjectSection
EndProject
Project("{8BC9CEB8-8B4A-11D0-8D11-00A0C91BC942}") = "scenetest", "scenetest.vcxproj", "{C537056E-EE93-4645-82FB-355D47DA1F43}"
	ProjectSection(ProjectDependencies) = postProject
		{A93CE437-94D0-49F6-B9C7-15B20EB33736} = {A93CE437-94D0-49F6-B9C7-15B20EB33736}
		{F118CFD1-9B34-4142-B9DC-3E76FF5B817B} = {F118CFD1-9B34-4142-B9DC-3E76FF5B817B}
		{FFD591E4-0A07-4D79-95BC-8D567204FD10} = {FFD591E4-0A07-4D79-95BC-8D567204FD10}
	EndProjectSection
EndProject
Project("{8BC9CEB8-8B4A-11D0-8D11-00A0C91BC942}") = "fontgen", "fontgen.vcxproj", "{0B3454F0-B23E-4D11-B000-2F1313C59F3E}"
	ProjectSection(ProjectDependencies) = postProject
		{A93CE437-94D0-49F6-B9C7-15B20EB33736} = {A93CE437-94D0-49F6-B9C7-15B20EB33736}
		{F118CFD1-9B34-4142-B9DC-3E76FF5B817B} = {F118CFD1-9B34-4142-B9DC-3E76FF5B817B}
		{FFD591E4-0A07-4D79-95BC-8D567204FD10} = {FFD591E4-0A07-4D79-95BC-8D567204FD10}
	EndProjectSection
EndProject
Project("{8BC9CEB8-8B4A-11D0-8D11-00A0C91BC942}") = "modelviewer", "modelviewer.vcxproj", "{CFA64D36-15AF-4AA7-9515-52CE090AD3CE}"
	ProjectSection(ProjectDependencies) = postProject
		{A93CE437-94D0-49F6-B9C7-15B20EB33736} = {A93CE437-94D0-49F6-B9C7-15B20EB33736}
		{F118CFD1-9B34-4142-B9DC-3E76FF5B817B} = {F118CFD1-9B34-4142-B9DC-3E76FF5B817B}
		{FFD591E4-0A07-4D79-95BC-8D567204FD10} = {FFD591E4-0A07-4D79-95BC-8D567204FD10}
	EndProjectSection
EndProject
Project("{8BC9CEB8-8B4A-11D0-8D11-00A0C91BC942}") = "skelviewer", "skelviewer.vcxproj", "{C06FA2D5-BD91-46A3-80A1-48E66C87468F}"
	ProjectSection(ProjectDependencies) = postProject
		{A93CE437-94D0-49F6-B9C7-15B20EB33736} = {A93CE437-94D0-49F6-B9C7-15B20EB33736}
		{4829BD9B-1379-49B0-9463-3E9846873934} = {4829BD9B-1379-49B0-9463-3E9846873934}
		{F118CFD1-9B34-4142-B9DC-3E76FF5B817B} = {F118CFD1-9B34-4142-B9DC-3E76FF5B817B}
		{FFD591E4-0A07-4D79-95BC-8D567204FD10} = {FFD591E4-0A07-4D79-95BC-8D567204FD10}
	EndProjectSection
EndProject
Project("{8BC9CEB8-8B4A-11D0-8D11-00A0C91BC942}") = "cameratest", "cameratest.vcxproj", "{CDF2FFA9-9C00-4748-9578-DB446FD8FD2D}"
	ProjectSection(ProjectDependencies) = postProject
		{A93CE437-94D0-49F6-B9C7-15B20EB33736} = {A93CE437-94D0-49F6-B9C7-15B20EB33736}
		{F118CFD1-9B34-4142-B9DC-3E76FF5B817B} = {F118CFD1-9B34-4142-B9DC-3E76FF5B817B}
		{FFD591E4-0A07-4D79-95BC-8D567204FD10} = {FFD591E4-0A07-4D79-95BC-8D567204FD10}
	EndProjectSection
EndProject
Project("{8BC9CEB8-8B4A-11D0-8D11-00A0C91BC942}") = "customnode", "customnode.vcxproj", "{86C32F48-9A6C-425B-905C-8036B80B5739}"
	ProjectSection(ProjectDependencies) = postProject
		{A93CE437-94D0-49F6-B9C7-15B20EB33736} = {A93CE437-94D0-49F6-B9C7-15B20EB33736}
		{F118CFD1-9B34-4142-B9DC-3E76FF5B817B} = {F118CFD1-9B34-4142-B9DC-3E76FF5B817B}
		{FFD591E4-0A07-4D79-95BC-8D567204FD10} = {FFD591E4-0A07-4D79-95BC-8D567204FD10}
	EndProjectSection
EndProject
Project("{8BC9CEB8-8B4A-11D0-8D11-00A0C91BC942}") = "libsigos", "libsigos.vcxproj", "{F118CFD1-9B34-4142-B9DC-3E76FF5B817B}"
	ProjectSection(ProjectDependencies) = postProject
		{A93CE437-94D0-49F6-B9C7-15B20EB33736} = {A93CE437-94D0-49F6-B9C7-15B20EB33736}
		{FFD591E4-0A07-4D79-95BC-8D567204FD10} = {FFD591E4-0A07-4D79-95BC-8D567204FD10}
	EndProjectSection
EndProject
Project("{8BC9CEB8-8B4A-11D0-8D11-00A0C91BC942}") = "vgtest", "vgtest.vcxproj", "{A3B267B9-D9B0-4339-A265-D82A5EDA5C2D}"
	ProjectSection(ProjectDependencies) = postProject
		{A93CE437-94D0-49F6-B9C7-15B20EB33736} = {A93CE437-94D0-49F6-B9C7-15B20EB33736}
		{F118CFD1-9B34-4142-B9DC-3E76FF5B817B} = {F118CFD1-9B34-4142-B9DC-3E76FF5B817B}
		{FFD591E4-0A07-4D79-95BC-8D567204FD10} = {FFD591E4-0A07-4D79-95BC-8D567204FD10}
	EndProjectSection
EndProject
Global
	GlobalSection(SolutionConfigurationPlatforms) = preSolution
		Debug|x86 = Debug|x86
		Release|x86 = Release|x86
		ReleaseDll|x86 = ReleaseDll|x86
	EndGlobalSection
	GlobalSection(ProjectConfigurationPlatforms) = postSolution
		{FFD591E4-0A07-4D79-95BC-8D567204FD10}.Debug|x86.ActiveCfg = Debug|Win32
		{FFD591E4-0A07-4D79-95BC-8D567204FD10}.Debug|x86.Build.0 = Debug|Win32
		{FFD591E4-0A07-4D79-95BC-8D567204FD10}.Release|x86.ActiveCfg = Release|Win32
		{FFD591E4-0A07-4D79-95BC-8D567204FD10}.Release|x86.Build.0 = Release|Win32
		{FFD591E4-0A07-4D79-95BC-8D567204FD10}.ReleaseDll|x86.ActiveCfg = ReleaseDll|Win32
		{FFD591E4-0A07-4D79-95BC-8D567204FD10}.ReleaseDll|x86.Build.0 = ReleaseDll|Win32
		{4829BD9B-1379-49B0-9463-3E9846873934}.Debug|x86.ActiveCfg = Debug|Win32
		{4829BD9B-1379-49B0-9463-3E9846873934}.Debug|x86.Build.0 = Debug|Win32
		{4829BD9B-1379-49B0-9463-3E9846873934}.Release|x86.ActiveCfg = Release|Win32
		{4829BD9B-1379-49B0-9463-3E9846873934}.Release|x86.Build.0 = Release|Win32
		{4829BD9B-1379-49B0-9463-3E9846873934}.ReleaseDll|x86.ActiveCfg = ReleaseDll|Win32
		{4829BD9B-1379-49B0-9463-3E9846873934}.ReleaseDll|x86.Build.0 = ReleaseDll|Win32
		{A93CE437-94D0-49F6-B9C7-15B20EB33736}.Debug|x86.ActiveCfg = Debug|Win32
		{A93CE437-94D0-49F6-B9C7-15B20EB33736}.Debug|x86.Build.0 = Debug|Win32
		{A93CE437-94D0-49F6-B9C7-15B20EB33736}.Release|x86.ActiveCfg = Release|Win32
		{A93CE437-94D0-49F6-B9C7-15B20EB33736}.Release|x86.Build.0 = Release|Win32
		{A93CE437-94D0-49F6-B9C7-15B20EB33736}.ReleaseDll|x86.ActiveCfg = ReleaseDll|Win32
		{A93CE437-94D0-49F6-B9C7-15B20EB33736}.ReleaseDll|x86.Build.0 = ReleaseDll|Win32
		{8DD93656-725E-4561-8308-2449A33ACD90}.Debug|x86.ActiveCfg = Debug|Win32
		{8DD93656-725E-4561-8308-2449A33ACD90}.Debug|x86.Build.0 = Debug|Win32
		{8DD93656-725E-4561-8308-2449A33ACD90}.Release|x86.ActiveCfg = Release|Win32
		{8DD93656-725E-4561-8308-2449A33ACD90}.Release|x86.Build.0 = Release|Win32
		{8DD93656-725E-4561-8308-2449A33ACD90}.ReleaseDll|x86.ActiveCfg = ReleaseDll|Win32
		{8DD93656-725E-4561-8308-2449A33ACD90}.ReleaseDll|x86.Build.0 = ReleaseDll|Win32
		{6C359BCB-BC43-44C6-A664-BAD94CFC3292}.Debug|x86.ActiveCfg = Debug|Win32
		{6C359BCB-BC43-44C6-A664-BAD94CFC3292}.Debug|x86.Build.0 = Debug|Win32
		{6C359BCB-BC43-44C6-A664-BAD94CFC3292}.Release|x86.ActiveCfg = Release|Win32
		{6C359BCB-BC43-44C6-A664-BAD94CFC3292}.Release|x86.Build.0 = Release|Win32
		{6C359BCB-BC43-44C6-A664-BAD94CFC3292}.ReleaseDll|x86.ActiveCfg = ReleaseDll|Win32
		{6C359BCB-BC43-44C6-A664-BAD94CFC3292}.ReleaseDll|x86.Build.0 = ReleaseDll|Win32
		{7277853F-ADCE-46A3-ADDA-5A7D3C7EF8F1}.Debug|x86.ActiveCfg = Debug|Win32
		{7277853F-ADCE-46A3-ADDA-5A7D3C7EF8F1}.Debug|x86.Build.0 = Debug|Win32
		{7277853F-ADCE-46A3-ADDA-5A7D3C7EF8F1}.Release|x86.ActiveCfg = Release|Win32
		{7277853F-ADCE-46A3-ADDA-5A7D3C7EF8F1}.Release|x86.Build.0 = Release|Win32
		{7277853F-ADCE-46A3-ADDA-5A7D3C7EF8F1}.ReleaseDll|x86.ActiveCfg = ReleaseDll|Win32
		{7277853F-ADCE-46A3-ADDA-5A7D3C7EF8F1}.ReleaseDll|x86.Build.0 = ReleaseDll|Win32
		{D439ED53-23FE-4EC8-9A4F-F0EE1EF50085}.Debug|x86.ActiveCfg = Debug|Win32
		{D439ED53-23FE-4EC8-9A4F-F0EE1EF50085}.Debug|x86.Build.0 = Debug|Win32
		{D439ED53-23FE-4EC8-9A4F-F0EE1EF50085}.Release|x86.ActiveCfg = Release|Win32
		{D439ED53-23FE-4EC8-9A4F-F0EE1EF50085}.Release|x86.Build.0 = Release|Win32
		{D439ED53-23FE-4EC8-9A4F-F0EE1EF50085}.ReleaseDll|x86.ActiveCfg = ReleaseDll|Win32
		{D439ED53-23FE-4EC8-9A4F-F0EE1EF50085}.ReleaseDll|x86.Build.0 = ReleaseDll|Win32
		{C537056E-EE93-4645-82FB-355D47DA1F43}.Debug|x86.ActiveCfg = Debug|Win32
		{C537056E-EE93-4645-82FB-355D47DA1F43}.Debug|x86.Build.0 = Debug|Win32
		{C537056E-EE93-4645-82FB-355D47DA1F43}.Release|x86.ActiveCfg = Release|Win32
		{C537056E-EE93-4645-82FB-355D47DA1F43}.Release|x86.Build.0 = Release|Win32
		{C537056E-EE93-4645-82FB-355D47DA1F43}.ReleaseDll|x86.ActiveCfg = ReleaseDll|Win32
		{C537056E-EE93-4645-82FB-355D47DA1F43}.ReleaseDll|x86.Build.0 = ReleaseDll|Win32
		{0B3454F0-B23E-4D11-B000-2F1313C59F3E}.Debug|x86.ActiveCfg = Debug|Win32
		{0B3454F0-B23E-4D11-B000-2F1313C59F3E}.Debug|x86.Build.0 = Debug|Win32
		{0B3454F0-B23E-4D11-B000-2F1313C59F3E}.Release|x86.ActiveCfg = Release|Win32
		{0B3454F0-B23E-4D11-B000-2F1313C59F3E}.Release|x86.Build.0 = Release|Win32
		{0B3454F0-B23E-4D11-B000-2F1313C59F3E}.ReleaseDll|x86.ActiveCfg = ReleaseDll|Win32
		{0B3454F0-B23E-4D11-B000-2F1313C59F3E}.ReleaseDll|x86.Build.0 = ReleaseDll|Win32
		{CFA64D36-15AF-4AA7-9515-52CE090AD3CE}.Debug|x86.ActiveCfg = Debug|Win32
		{CFA64D36-15AF-4AA7-9515-52CE090AD3CE}.Debug|x86.Build.0 = Debug|Win32
		{CFA64D36-15AF-4AA7-9515-52CE090AD3CE}.Release|x86.ActiveCfg = Release|Win32
		{CFA64D36-15AF-4AA7-9515-52CE090AD3CE}.Release|x86.Build.0 = Release|Win32
		{CFA64D36-15AF-4AA7-9515-52CE090AD3CE}.ReleaseDll|x86.ActiveCfg = ReleaseDll|Win32
		{CFA64D36-15AF-4AA7-9515-52CE090AD3CE}.ReleaseDll|x86.Build.0 = ReleaseDll|Win32
		{C06FA2D5-BD91-46A3-80A1-48E66C87468F}.Debug|x86.ActiveCfg = Debug|Win32
		{C06FA2D5-BD91-46A3-80A1-48E66C87468F}.Debug|x86.Build.0 = Debug|Win32
		{C06FA2D5-BD91-46A3-80A1-48E66C87468F}.Release|x86.ActiveCfg = Release|Win32
		{C06FA2D5-BD91-46A3-80A1-48E66C87468F}.Release|x86.Build.0 = Release|Win32
		{C06FA2D5-BD91-46A3-80A1-48E66C87468F}.ReleaseDll|x86.ActiveCfg = ReleaseDll|Win32
		{C06FA2D5-BD91-46A3-80A1-48E66C87468F}.ReleaseDll|x86.Build.0 = ReleaseDll|Win32
		{CDF2FFA9-9C00-4748-9578-DB446FD8FD2D}.Debug|x86.ActiveCfg = Debug|Win32
		{CDF2FFA9-9C00-4748-9578-DB446FD8FD2D}.Debug|x86.Build.0 = Debug|Win32
		{CDF2FFA9-9C00-4748-9578-DB446FD8FD2D}.Release|x86.ActiveCfg = Release|Win32
		{CDF2FFA9-9C00-4748-9578-DB446FD8FD2D}.Release|x86.Build.0 = Release|Win32
		{CDF2FFA9-9C00-4748-9578-DB446FD8FD2D}.ReleaseDll|x86.ActiveCfg = ReleaseDll|Win32
		{CDF2FFA9-9C00-4748-9578-DB446FD8FD2D}.ReleaseDll|x86.Build.0 = ReleaseDll|Win32
		{86C32F48-9A6C-425B-905C-8036B80B5739}.Debug|x86.ActiveCfg = Debug|Win32
		{86C32F48-9A6C-425B-905C-8036B80B5739}.Debug|x86.Build.0 = Debug|Win32
		{86C32F48-9A6C-425B-905C-8036B80B5739}.Release|x86.ActiveCfg = Release|Win32
		{86C32F48-9A6C-425B-905C-8036B80B5739}.Release|x86.Build.0 = Release|Win32
		{86C32F48-9A6C-425B-905C-8036B80B5739}.ReleaseDll|x86.ActiveCfg = ReleaseDll|Win32
		{86C32F48-9A6C-425B-905C-8036B80B5739}.ReleaseDll|x86.Build.0 = ReleaseDll|Win32
		{F118CFD1-9B34-4142-B9DC-3E76FF5B817B}.Debug|x86.ActiveCfg = Debug|Win32
		{F118CFD1-9B34-4142-B9DC-3E76FF5B817B}.Debug|x86.Build.0 = Debug|Win32
		{F118CFD1-9B34-4142-B9DC-3E76FF5B817B}.Release|x86.ActiveCfg = Release|Win32
		{F118CFD1-9B34-4142-B9DC-3E76FF5B817B}.Release|x86.Build.0 = Release|Win32
		{F118CFD1-9B34-4142-B9DC-3E76FF5B817B}.ReleaseDll|x86.ActiveCfg = ReleaseDll|Win32
		{F118CFD1-9B34-4142-B9DC-3E76FF5B817B}.ReleaseDll|x86.Build.0 = ReleaseDll|Win32
		{A3B267B9-D9B0-4339-A265-D82A5EDA5C2D}.Debug|x86.ActiveCfg = Debug|Win32
		{A3B267B9-D9B0-4339-A265-D82A5EDA5C2D}.Debug|x86.Build.0 = Debug|Win32
		{A3B267B9-D9B0-4339-A265-D82A5EDA5C2D}.Release|x86.ActiveCfg = Release|Win32
		{A3B267B9-D9B0-4339-A265-D82A5EDA5C2D}.Release|x86.Build.0 = Release|Win32
		{A3B267B9-D9B0-4339-A265-D82A5EDA5C2D}.ReleaseDll|x86.ActiveCfg = ReleaseDll|Win32
		{A3B267B9-D9B0-4339-A265-D82A5EDA5C2D}.ReleaseDll|x86.Build.0 = ReleaseDll|Win32
	EndGlobalSection
	GlobalSection(SolutionProperties) = preSolution
		HideSolutionNode = FALSE
	EndGlobalSection
	GlobalSection(NestedProjects) = preSolution
		{FFD591E4-0A07-4D79-95BC-8D567204FD10} = {1CAB85D9-B1C2-4192-8013-FD53A0D7EBA9}
		{4829BD9B-1379-49B0-9463-3E9846873934} = {1CAB85D9-B1C2-4192-8013-FD53A0D7EBA9}
		{A93CE437-94D0-49F6-B9C7-15B20EB33736} = {1CAB85D9-B1C2-4192-8013-FD53A0D7EBA9}
		{8DD93656-725E-4561-8308-2449A33ACD90} = {5398B78F-82E0-4685-B857-83F5799F8974}
		{6C359BCB-BC43-44C6-A664-BAD94CFC3292} = {5398B78F-82E0-4685-B857-83F5799F8974}
		{7277853F-ADCE-46A3-ADDA-5A7D3C7EF8F1} = {5398B78F-82E0-4685-B857-83F5799F8974}
		{D439ED53-23FE-4EC8-9A4F-F0EE1EF50085} = {5398B78F-82E0-4685-B857-83F5799F8974}
		{C537056E-EE93-4645-82FB-355D47DA1F43} = {5398B78F-82E0-4685-B857-83F5799F8974}
		{0B3454F0-B23E-4D11-B000-2F1313C59F3E} = {5398B78F-82E0-4685-B857-83F5799F8974}
		{CFA64D36-15AF-4AA7-9515-52CE090AD3CE} = {5398B78F-82E0-4685-B857-83F5799F8974}
		{C06FA2D5-BD91-46A3-80A1-48E66C87468F} = {5398B78F-82E0-4685-B857-83F5799F8974}
		{CDF2FFA9-9C00-4748-9578-DB446FD8FD2D} = {5398B78F-82E0-4685-B857-83F5799F8974}
		{86C32F48-9A6C-425B-905C-8036B80B5739} = {5398B78F-82E0-4685-B857-83F5799F8974}
		{F118CFD1-9B34-4142-B9DC-3E76FF5B817B} = {1CAB85D9-B1C2-4192-8013-FD53A0D7EBA9}
		{A3B267B9-D9B0-4339-A265-D82A5EDA5C2D} = {5398B78F-82E0-4685-B857-83F5799F8974}
	EndGlobalSection
	GlobalSection(ExtensibilityGlobals) = postSolution
		SolutionGuid = {E6A01F6D-2491-496E-97B6-B9D9E21ED62C}
	EndGlobalSection
EndGlobal
